
Microsoft Visual Studio Solution File, Format Version 12.00
# Visual Studio Version 17
VisualStudioVersion = 17.3.32819.101
MinimumVisualStudioVersion = 10.0.40219.1
Project("{FAE04EC0-301F-11D3-BF4B-00C04F79EFBC}") = "10001stPrime(Problem-7)", "10001stPrime(Problem-7)\10001stPrime(Problem-7).csproj", "{2AD8C683-34F9-47B7-934C-E2AE3D95C630}"
EndProject
Global
	GlobalSection(SolutionConfigurationPlatforms) = preSolution
		Debug|Any CPU = Debug|Any CPU
		Release|Any CPU = Release|Any CPU
	EndGlobalSection
	GlobalSection(ProjectConfigurationPlatforms) = postSolution
		{2AD8C683-34F9-47B7-934C-E2AE3D95C630}.Debug|Any CPU.ActiveCfg = Debug|Any CPU
		{2AD8C683-34F9-47B7-934C-E2AE3D95C630}.Debug|Any CPU.Build.0 = Debug|Any CPU
		{2AD8C683-34F9-47B7-934C-E2AE3D95C630}.Release|Any CPU.ActiveCfg = Release|Any CPU
		{2AD8C683-34F9-47B7-934C-E2AE3D95C630}.Release|Any CPU.Build.0 = Release|Any CPU
	EndGlobalSection
	GlobalSection(SolutionProperties) = preSolution
		HideSolutionNode = FALSE
	EndGlobalSection
	GlobalSection(ExtensibilityGlobals) = postSolution
		SolutionGuid = {4E565D63-9BCE-4981-BF42-72526294D0D6}
	EndGlobalSection
EndGlobal
